[[package]]
category = "main"
description = "A configurable sidebar-enabled Sphinx theme"
name = "alabaster"
optional = true
python-versions = "*"
version = "0.7.12"

[[package]]
category = "main"
description = "Internationalization utilities"
name = "babel"
optional = true
python-versions = ">=2.7, !=3.0.*, !=3.1.*, !=3.2.*, !=3.3.*"
version = "2.7.0"

[package.dependencies]
pytz = ">=2015.7"

[[package]]
category = "main"
description = "Python package for providing Mozilla's CA Bundle."
name = "certifi"
optional = true
python-versions = "*"
version = "2019.6.16"

[[package]]
category = "main"
description = "Universal encoding detector for Python 2 and 3"
name = "chardet"
optional = true
python-versions = "*"
version = "3.0.4"

[[package]]
category = "main"
description = "Composable command line interface toolkit"
name = "click"
optional = true
python-versions = ">=2.7, !=3.0.*, !=3.1.*, !=3.2.*, !=3.3.*"
version = "7.0"

[[package]]
category = "main"
description = "Cross-platform colored terminal text."
name = "colorama"
optional = false
python-versions = ">=2.7, !=3.0.*, !=3.1.*, !=3.2.*, !=3.3.*"
version = "0.4.1"

[[package]]
category = "dev"
description = "Python commitizen client tool"
name = "commitizen"
optional = false
python-versions = ">=3.6,<4.0"
version = "1.5.1"

[package.dependencies]
colorama = ">=0.4.1,<0.5.0"
decli = ">=0.5.0,<0.6.0"
packaging = ">=19.0,<20.0"
questionary = ">=1.0,<2.0"
termcolor = ">=1.1,<2.0"
tomlkit = ">=0.5.3,<0.6.0"

[[package]]
category = "dev"
description = "Minimal, easy-to-use, declarative cli tool"
name = "decli"
optional = false
python-versions = ">=3.6"
version = "0.5.0"

[[package]]
category = "main"
description = "Docutils -- Python Documentation Utilities"
name = "docutils"
optional = true
python-versions = "*"
version = "0.14"

[[package]]
category = "dev"
description = "A platform independent file lock."
name = "filelock"
optional = false
python-versions = "*"
version = "3.0.12"

[[package]]
category = "main"
description = "Internationalized Domain Names in Applications (IDNA)"
name = "idna"
optional = true
python-versions = ">=2.7, !=3.0.*, !=3.1.*, !=3.2.*, !=3.3.*"
version = "2.8"

[[package]]
category = "main"
description = "Getting image size from png/jpeg/jpeg2000/gif file"
name = "imagesize"
optional = true
python-versions = ">=2.7, !=3.0.*, !=3.1.*, !=3.2.*, !=3.3.*"
version = "1.1.0"

[[package]]
category = "dev"
description = "Read metadata from Python packages"
name = "importlib-metadata"
optional = false
python-versions = ">=2.7,!=3.0,!=3.1,!=3.2,!=3.3"
version = "0.18"

[package.dependencies]
zipp = ">=0.5"

[[package]]
category = "main"
description = ""
name = "incremental"
optional = true
python-versions = "*"
version = "17.5.0"

[[package]]
category = "main"
description = "A small but fast and easy to use stand-alone template engine written in pure python."
name = "jinja2"
optional = true
python-versions = "*"
version = "2.10.1"

[package.dependencies]
MarkupSafe = ">=0.23"

[[package]]
category = "main"
description = "Safely add untrusted strings to HTML/XML markup."
name = "markupsafe"
optional = true
python-versions = ">=2.7,!=3.0.*,!=3.1.*,!=3.2.*,!=3.3.*"
version = "1.1.1"

[[package]]
category = "main"
description = "Core utilities for Python packages"
name = "packaging"
optional = false
python-versions = ">=2.7, !=3.0.*, !=3.1.*, !=3.2.*, !=3.3.*"
version = "19.0"

[package.dependencies]
pyparsing = ">=2.0.2"
six = "*"

[[package]]
category = "dev"
description = "plugin and hook calling mechanisms for python"
name = "pluggy"
optional = false
python-versions = ">=2.7, !=3.0.*, !=3.1.*, !=3.2.*, !=3.3.*"
version = "0.12.0"

[package.dependencies]
importlib-metadata = ">=0.12"

[[package]]
category = "dev"
description = "Library for building powerful interactive command lines in Python"
name = "prompt-toolkit"
optional = false
python-versions = "*"
version = "2.0.9"

[package.dependencies]
six = ">=1.9.0"
wcwidth = "*"

[[package]]
category = "dev"
description = "library with cross-python path, ini-parsing, io, code, log facilities"
name = "py"
optional = false
python-versions = ">=2.7, !=3.0.*, !=3.1.*, !=3.2.*, !=3.3.*"
version = "1.8.0"

[[package]]
category = "main"
description = "Pygments is a syntax highlighting package written in Python."
name = "pygments"
optional = true
python-versions = ">=2.7, !=3.0.*, !=3.1.*, !=3.2.*, !=3.3.*, !=3.4.*"
version = "2.4.2"

[[package]]
category = "main"
description = "Pygments Github custom lexers."
name = "pygments-github-lexers"
optional = true
python-versions = "*"
version = "0.0.5"

[package.dependencies]
pygments = ">=2.0.2"

[[package]]
category = "main"
description = "Python parsing module"
name = "pyparsing"
optional = false
python-versions = ">=2.6, !=3.0.*, !=3.1.*, !=3.2.*"
version = "2.4.0"

[[package]]
category = "main"
description = "World timezone definitions, modern and historical"
name = "pytz"
optional = true
python-versions = "*"
version = "2019.1"

[[package]]
category = "dev"
description = "Python library to build pretty command line user prompts ⭐️"
name = "questionary"
optional = false
python-versions = "*"
version = "1.1.1"

[package.dependencies]
prompt-toolkit = ">=2.0,<3.0"

[[package]]
category = "main"
description = "Python HTTP for Humans."
name = "requests"
optional = true
python-versions = ">=2.7, !=3.0.*, !=3.1.*, !=3.2.*, !=3.3.*, !=3.4.*"
version = "2.22.0"

[package.dependencies]
certifi = ">=2017.4.17"
chardet = ">=3.0.2,<3.1.0"
idna = ">=2.5,<2.9"
urllib3 = ">=1.21.1,<1.25.0 || >1.25.0,<1.25.1 || >1.25.1,<1.26"

[[package]]
category = "main"
description = "Python 2 and 3 compatibility utilities"
name = "six"
optional = false
python-versions = ">=2.6, !=3.0.*, !=3.1.*"
version = "1.12.0"

[[package]]
category = "main"
description = "This package provides 23 stemmers for 22 languages generated from Snowball algorithms."
name = "snowballstemmer"
optional = true
python-versions = "*"
version = "1.9.0"

[[package]]
category = "main"
description = "Python documentation generator"
name = "sphinx"
optional = true
python-versions = ">=3.5"
version = "2.1.2"

[package.dependencies]
Jinja2 = ">=2.3"
Pygments = ">=2.0"
alabaster = ">=0.7,<0.8"
babel = ">=1.3,<2.0 || >2.0"
colorama = ">=0.3.5"
docutils = ">=0.12"
imagesize = "*"
packaging = "*"
requests = ">=2.5.0"
setuptools = "*"
snowballstemmer = ">=1.1"
sphinxcontrib-applehelp = "*"
sphinxcontrib-devhelp = "*"
sphinxcontrib-htmlhelp = "*"
sphinxcontrib-jsmath = "*"
sphinxcontrib-qthelp = "*"
sphinxcontrib-serializinghtml = "*"

[[package]]
category = "main"
description = "Sphinx Bootstrap Theme."
name = "sphinx-bootstrap-theme"
optional = true
python-versions = "*"
version = "0.7.1"

[package.dependencies]
setuptools = "*"

[[package]]
category = "main"
description = ""
name = "sphinxcontrib-applehelp"
optional = true
python-versions = "*"
version = "1.0.1"

[[package]]
category = "main"
description = "Documenting CLI programs"
name = "sphinxcontrib-autoprogram"
optional = true
python-versions = "*"
version = "0.1.5"

[package.dependencies]
Sphinx = ">=1.2"
six = "*"

[[package]]
category = "main"
description = ""
name = "sphinxcontrib-devhelp"
optional = true
python-versions = "*"
version = "1.0.1"

[[package]]
category = "main"
description = ""
name = "sphinxcontrib-htmlhelp"
optional = true
python-versions = "*"
version = "1.0.2"

[[package]]
category = "main"
description = "A sphinx extension which renders display math in HTML via JavaScript"
name = "sphinxcontrib-jsmath"
optional = true
python-versions = ">=3.5"
version = "1.0.1"

[[package]]
category = "main"
description = ""
name = "sphinxcontrib-qthelp"
optional = true
python-versions = "*"
version = "1.0.2"

[[package]]
category = "main"
description = ""
name = "sphinxcontrib-serializinghtml"
optional = true
python-versions = "*"
version = "1.1.3"

[[package]]
category = "dev"
description = "ANSII Color formatting for output in terminal."
name = "termcolor"
optional = false
python-versions = "*"
version = "1.1.0"

[[package]]
category = "main"
description = "Python Library for Tom's Obvious, Minimal Language"
name = "toml"
optional = false
python-versions = "*"
version = "0.10.0"

[[package]]
category = "dev"
description = "Style preserving TOML library"
name = "tomlkit"
optional = false
python-versions = ">=2.7, !=3.0.*, !=3.1.*, !=3.2.*, !=3.3.*"
version = "0.5.3"

[[package]]
category = "main"
description = "Building newsfiles for your project."
name = "towncrier"
optional = true
python-versions = "*"
version = "19.2.0"

[package.dependencies]
Click = "*"
incremental = "*"
jinja2 = "*"
toml = "*"

[[package]]
category = "dev"
description = "tox is a generic virtualenv management and test command line tool"
name = "tox"
optional = false
python-versions = ">=2.7, !=3.0.*, !=3.1.*, !=3.2.*, !=3.3.*"
version = "3.13.1"

[package.dependencies]
filelock = ">=3.0.0,<4"
importlib-metadata = ">=0.12,<1"
packaging = ">=14"
pluggy = ">=0.12.0,<1"
py = ">=1.4.17,<2"
six = ">=1.0.0,<2"
toml = ">=0.9.4"
virtualenv = ">=14.0.0"

[[package]]
category = "main"
description = "HTTP library with thread-safe connection pooling, file post, and more."
name = "urllib3"
optional = true
python-versions = ">=2.7, !=3.0.*, !=3.1.*, !=3.2.*, !=3.3.*, <4"
version = "1.25.3"

[[package]]
category = "dev"
description = "Virtual Python Environment builder"
name = "virtualenv"
optional = false
python-versions = ">=2.7, !=3.0.*, !=3.1.*, !=3.2.*, !=3.3.*"
version = "16.6.1"

[[package]]
category = "dev"
description = "Measures number of Terminal column cells of wide-character codes"
name = "wcwidth"
optional = false
python-versions = "*"
version = "0.1.7"

[[package]]
category = "dev"
description = "Backport of pathlib-compatible object wrapper for zip files"
name = "zipp"
optional = false
python-versions = ">=2.7"
version = "0.5.1"

[metadata]
content-hash = "8accf0252b2a958ee2af94e1151b616807bb95f20b00aa1b984f2ab2b3870602"
python-versions = "^3.6"

[metadata.hashes]
alabaster = ["446438bdcca0e05bd45ea2de1668c1d9b032e1a9154c2c259092d77031ddd359", "a661d72d58e6ea8a57f7a86e37d86716863ee5e92788398526d58b26a4e4dc02"]
babel = ["af92e6106cb7c55286b25b38ad7695f8b4efb36a90ba483d7f7a6628c46158ab", "e86135ae101e31e2c8ec20a4e0c5220f4eed12487d5cf3f78be7e98d3a57fc28"]
certifi = ["046832c04d4e752f37383b628bc601a7ea7211496b4638f6514d0e5b9acc4939", "945e3ba63a0b9f577b1395204e13c3a231f9bc0223888be653286534e5873695"]
chardet = ["84ab92ed1c4d4f16916e05906b6b75a6c0fb5db821cc65e70cbd64a3e2a5eaae", "fc323ffcaeaed0e0a02bf4d117757b98aed530d9ed4531e3e15460124c106691"]
click = ["2335065e6395b9e67ca716de5f7526736bfa6ceead690adf616d925bdc622b13", "5b94b49521f6456670fdb30cd82a4eca9412788a93fa6dd6df72c94d5a8ff2d7"]
colorama = ["05eed71e2e327246ad6b38c540c4a3117230b19679b875190486ddd2d721422d", "f8ac84de7840f5b9c4e3347b3c1eaa50f7e49c2b07596221daec5edaabbd7c48"]
commitizen = ["aea98a4bb146d8b126badda5bf860657752b3befb0eb47912159d5060688392e", "ee52d05a40ad06cdeb788acc27aa739a76638acabedce812a213b85e2f68379c"]
decli = ["aff64ceb222b089d18038529ef8d6983aa220bd77ee97a23717dbb864b0cf719", "d115345961973dcca812a2100e0f0241bc344f4bcd04a01d0213708d1692e229"]
docutils = ["02aec4bd92ab067f6ff27a38a38a41173bf01bed8f89157768c1573f53e474a6", "51e64ef2ebfb29cae1faa133b3710143496eca21c530f3f71424d77687764274", "7a4bd47eaf6596e1295ecb11361139febe29b084a87bf005bf899f9a42edc3c6"]
filelock = ["18d82244ee114f543149c66a6e0c14e9c4f8a1044b5cdaadd0f82159d6a6ff59", "929b7d63ec5b7d6b71b0fa5ac14e030b3f70b75747cef1b10da9b879fef15836"]
idna = ["c357b3f628cf53ae2c4c05627ecc484553142ca23264e593d327bcde5e9c3407", "ea8b7f6188e6fa117537c3df7da9fc686d485087abf6ac197f9c46432f7e4a3c"]
imagesize = ["3f349de3eb99145973fefb7dbe38554414e5c30abd0c8e4b970a7c9d09f3a1d8", "f3832918bc3c66617f92e35f5d70729187676313caa60c187eb0f28b8fe5e3b5"]
importlib-metadata = ["6dfd58dfe281e8d240937776065dd3624ad5469c835248219bd16cf2e12dbeb7", "cb6ee23b46173539939964df59d3d72c3e0c1b5d54b84f1d8a7e912fe43612db"]
incremental = ["717e12246dddf231a349175f48d74d93e2897244939173b01974ab6661406b9f", "7b751696aaf36eebfab537e458929e194460051ccad279c72b755a167eebd4b3"]
jinja2 = ["065c4f02ebe7f7cf559e49ee5a95fb800a9e4528727aec6f24402a5374c65013", "14dd6caf1527abb21f08f86c784eac40853ba93edb79552aa1e4b8aef1b61c7b"]
markupsafe = ["00bc623926325b26bb9605ae9eae8a215691f33cae5df11ca5424f06f2d1f473", "09027a7803a62ca78792ad89403b1b7a73a01c8cb65909cd876f7fcebd79b161", "09c4b7f37d6c648cb13f9230d847adf22f8171b1ccc4d5682398e77f40309235", "1027c282dad077d0bae18be6794e6b6b8c91d58ed8a8d89a89d59693b9131db5", "24982cc2533820871eba85ba648cd53d8623687ff11cbb805be4ff7b4c971aff", "29872e92839765e546828bb7754a68c418d927cd064fd4708fab9fe9c8bb116b", "43a55c2930bbc139570ac2452adf3d70cdbb3cfe5912c71cdce1c2c6bbd9c5d1", "46c99d2de99945ec5cb54f23c8cd5689f6d7177305ebff350a58ce5f8de1669e", "500d4957e52ddc3351cabf489e79c91c17f6e0899158447047588650b5e69183", "535f6fc4d397c1563d08b88e485c3496cf5784e927af890fb3c3aac7f933ec66", "62fe6c95e3ec8a7fad637b7f3d372c15ec1caa01ab47926cfdf7a75b40e0eac1", "6dd73240d2af64df90aa7c4e7481e23825ea70af4b4922f8ede5b9e35f78a3b1", "717ba8fe3ae9cc0006d7c451f0bb265ee07739daf76355d06366154ee68d221e", "79855e1c5b8da654cf486b830bd42c06e8780cea587384cf6545b7d9ac013a0b", "7c1699dfe0cf8ff607dbdcc1e9b9af1755371f92a68f706051cc8c37d447c905", "88e5fcfb52ee7b911e8bb6d6aa2fd21fbecc674eadd44118a9cc3863f938e735", "8defac2f2ccd6805ebf65f5eeb132adcf2ab57aa11fdf4c0dd5169a004710e7d", "98c7086708b163d425c67c7a91bad6e466bb99d797aa64f965e9d25c12111a5e", "9add70b36c5666a2ed02b43b335fe19002ee5235efd4b8a89bfcf9005bebac0d", "9bf40443012702a1d2070043cb6291650a0841ece432556f784f004937f0f32c", "ade5e387d2ad0d7ebf59146cc00c8044acbd863725f887353a10df825fc8ae21", "b00c1de48212e4cc9603895652c5c410df699856a2853135b3967591e4beebc2", "b1282f8c00509d99fef04d8ba936b156d419be841854fe901d8ae224c59f0be5", "b2051432115498d3562c084a49bba65d97cf251f5a331c64a12ee7e04dacc51b", "ba59edeaa2fc6114428f1637ffff42da1e311e29382d81b339c1817d37ec93c6", "c8716a48d94b06bb3b2524c2b77e055fb313aeb4ea620c8dd03a105574ba704f", "cd5df75523866410809ca100dc9681e301e3c27567cf498077e8551b6d20e42f", "e249096428b3ae81b08327a63a485ad0878de3fb939049038579ac0ef61e17e7"]
packaging = ["0c98a5d0be38ed775798ece1b9727178c4469d9c3b4ada66e8e6b7849f8732af", "9e1cbf8c12b1f1ce0bb5344b8d7ecf66a6f8a6e91bcb0c84593ed6d3ab5c4ab3"]
pluggy = ["0825a152ac059776623854c1543d65a4ad408eb3d33ee114dff91e57ec6ae6fc", "b9817417e95936bf75d85d3f8767f7df6cdde751fc40aed3bb3074cbcb77757c"]
prompt-toolkit = ["11adf3389a996a6d45cc277580d0d53e8a5afd281d0c9ec71b28e6f121463780", "2519ad1d8038fd5fc8e770362237ad0364d16a7650fb5724af6997ed5515e3c1", "977c6583ae813a37dc1c2e1b715892461fcbdaa57f6fc62f33a528c4886c8f55"]
py = ["64f65755aee5b381cea27766a3a147c3f15b9b6b9ac88676de66ba2ae36793fa", "dc639b046a6e2cff5bbe40194ad65936d6ba360b52b3c3fe1d08a82dd50b5e53"]
pygments = ["71e430bc85c88a430f000ac1d9b331d2407f681d6f6aec95e8bcfbc3df5b0127", "881c4c157e45f30af185c1ffe8d549d48ac9127433f2c380c24b84572ad66297"]
pygments-github-lexers = ["0f9e9fb607d351c127a1e55e82a6eb491ed1fc11b2d6a0444ba217dc6d1f82c1", "aaca57e77cd6fcfce8d6ee97a998962eebf7fbb810519a8ebde427c62823e133"]
pyparsing = ["1873c03321fc118f4e9746baf201ff990ceb915f433f23b395f5580d1840cb2a", "9b6323ef4ab914af344ba97510e966d64ba91055d6b9afa6b30799340e89cc03"]
pytz = ["303879e36b721603cc54604edcac9d20401bdbe31e1e4fdee5b9f98d5d31dfda", "d747dd3d23d77ef44c6a3526e274af6efeb0a6f1afd5a69ba4d5be4098c8e141"]
questionary = ["35450047873b7800ee41afc877ce51d2ad965444cd191dc4c481b8452d13d068", "382893ae127a5f29f0974044c109d138581f4f9745899b93041d2d7830f9aa50"]
requests = ["11e007a8a2aa0323f5a921e9e6a2d7e4e67d9877e85773fba9ba6419025cbeb4", "9cf5292fcd0f598c671cfc1e0d7d1a7f13bb8085e9a590f48c010551dc6c4b31"]
six = ["3350809f0555b11f552448330d0b52d5f24c91a322ea4a15ef22629740f3761c", "d16a0141ec1a18405cd4ce8b4613101da75da0e9a7aec5bdd4fa804d0e0eba73"]
snowballstemmer = ["9f3b9ffe0809d174f7047e121431acf99c89a7040f0ca84f94ba53a498e6d0c9"]
sphinx = ["22538e1bbe62b407cf5a8aabe1bb15848aa66bb79559f42f5202bbce6b757a69", "f9a79e746b87921cabc3baa375199c6076d1270cee53915dbd24fdbeaaacc427"]
sphinx-bootstrap-theme = ["571e43ccb76d4c6c06576aa24a826b6ebc7adac45a5b54985200128806279d08"]
sphinxcontrib-applehelp = ["edaa0ab2b2bc74403149cb0209d6775c96de797dfd5b5e2a71981309efab3897", "fb8dee85af95e5c30c91f10e7eb3c8967308518e0f7488a2828ef7bc191d0d5d"]
sphinxcontrib-autoprogram = ["5c1af55d44c0a4301807eb42174a0f474d97decc137169c7c9305e56ed4d3000", "7ec6bdf235b491dc693d1a72fb7f9f734db69e29b81333435efb41f09f9bbeef"]
sphinxcontrib-devhelp = ["6c64b077937330a9128a4da74586e8c2130262f014689b4b89e2d08ee7294a34", "9512ecb00a2b0821a146736b39f7aeb90759834b07e81e8cc23a9c70bacb9981"]
sphinxcontrib-htmlhelp = ["4670f99f8951bd78cd4ad2ab962f798f5618b17675c35c5ac3b2132a14ea8422", "d4fd39a65a625c9df86d7fa8a2d9f3cd8299a3a4b15db63b50aac9e161d8eff7"]
sphinxcontrib-jsmath = ["2ec2eaebfb78f3f2078e73666b1415417a116cc848b72e5172e596c871103178", "a9925e4a4587247ed2191a22df5f6970656cb8ca2bd6284309578f2153e0c4b8"]
sphinxcontrib-qthelp = ["513049b93031beb1f57d4daea74068a4feb77aa5630f856fcff2e50de14e9a20", "79465ce11ae5694ff165becda529a600c754f4bc459778778c7017374d4d406f"]
sphinxcontrib-serializinghtml = ["c0efb33f8052c04fd7a26c0a07f1678e8512e0faec19f4aa8f2473a8b81d5227", "db6615af393650bf1151a6cd39120c29abaf93cc60db8c48eb2dddbfdc3a9768"]
termcolor = ["1d6d69ce66211143803fbc56652b41d73b4a400a2891d7bf7a1cdf4c02de613b"]
toml = ["229f81c57791a41d65e399fc06bf0848bab550a9dfd5ed66df18ce5f05e73d5c", "235682dd292d5899d361a811df37e04a8828a5b1da3115886b73cf81ebc9100e", "f1db651f9657708513243e61e6cc67d101a39bad662eaa9b5546f789338e07a3"]
tomlkit = ["d6506342615d051bc961f70bfcfa3d29b6616cc08a3ddfd4bc24196f16fd4ec2", "f077456d35303e7908cc233b340f71e0bec96f63429997f38ca9272b7d64029e"]
towncrier = ["48251a1ae66d2cf7e6fa5552016386831b3e12bb3b2d08eb70374508c17a8196", "de19da8b8cb44f18ea7ed3a3823087d2af8fcf497151bb9fd1e1b092ff56ed8d"]
tox = ["45a265e953368fb372cca3eac33b69fdb1b1453e5b114be231c84fc3dfadceed", "f5cb0b5b8d14f2100982b0981c750d840228180a348e6bad355aa38e949fbc3f"]
urllib3 = ["b246607a25ac80bedac05c6f282e3cdaf3afb65420fd024ac94435cabe6e18d1", "dbe59173209418ae49d485b87d1681aefa36252ee85884c31346debd19463232"]
virtualenv = ["b7335cddd9260a3dd214b73a2521ffc09647bde3e9457fcca31dc3be3999d04a", "d28ca64c0f3f125f59cabf13e0a150e1c68e5eea60983cc4395d88c584495783"]
wcwidth = ["3df37372226d6e63e1b1e1eda15c594bca98a22d33a23832a90998faa96bc65e", "f4ebe71925af7b40a864553f761ed559b43544f8f71746c2d756c7fe788ade7c"]
zipp = ["8c1019c6aad13642199fbe458275ad6a84907634cc9f0989877ccc4a2840139d", "ca943a7e809cc12257001ccfb99e3563da9af99d52f261725e96dfe0f9275bc3"]
